// !$*UTF8*$!
{
	archiveVersion = 1;
	classes = {
	};
	objectVersion = 56;
	objects = {

/* Begin PBXBuildFile section */
		641736E12937C39100B11EBC /* ExpenseUIApp.swift in Sources */ = {isa = PBXBuildFile; fileRef = 641736E02937C39100B11EBC /* ExpenseUIApp.swift */; };
		641736E32937C39100B11EBC /* ContentView.swift in Sources */ = {isa = PBXBuildFile; fileRef = 641736E22937C39100B11EBC /* ContentView.swift */; };
		641736E82937C39300B11EBC /* Preview Assets.xcassets in Resources */ = {isa = PBXBuildFile; fileRef = 641736E72937C39300B11EBC /* Preview Assets.xcassets */; };
		641736EF2937C46F00B11EBC /* Assets.xcassets in Resources */ = {isa = PBXBuildFile; fileRef = 641736EE2937C46F00B11EBC /* Assets.xcassets */; };
		641736F32937C4A900B11EBC /* Expense.swift in Sources */ = {isa = PBXBuildFile; fileRef = 641736F22937C4A900B11EBC /* Expense.swift */; };
		641736F52937C56A00B11EBC /* Home.swift in Sources */ = {isa = PBXBuildFile; fileRef = 641736F42937C56A00B11EBC /* Home.swift */; };
		641736F72937CDFF00B11EBC /* Speedometer.swift in Sources */ = {isa = PBXBuildFile; fileRef = 641736F62937CDFF00B11EBC /* Speedometer.swift */; };
		641736F92937E3AC00B11EBC /* IndicatorShape.swift in Sources */ = {isa = PBXBuildFile; fileRef = 641736F82937E3AC00B11EBC /* IndicatorShape.swift */; };
		641736FB2937EB7F00B11EBC /* AnimatedText.swift in Sources */ = {isa = PBXBuildFile; fileRef = 641736FA2937EB7F00B11EBC /* AnimatedText.swift */; };
		641737072938A78300B11EBC /* AddExpense.swift in Sources */ = {isa = PBXBuildFile; fileRef = 641737062938A78300B11EBC /* AddExpense.swift */; };
/* End PBXBuildFile section */

/* Begin PBXFileReference section */
		641736DD2937C39100B11EBC /* ExpenseUI.app */ = {isa = PBXFileReference; explicitFileType = wrapper.application; includeInIndex = 0; path = ExpenseUI.app; sourceTree = BUILT_PRODUCTS_DIR; };
		641736E02937C39100B11EBC /* ExpenseUIApp.swift */ = {isa = PBXFileReference; lastKnownFileType = sourcecode.swift; path = ExpenseUIApp.swift; sourceTree = "<group>"; };
		641736E22937C39100B11EBC /* ContentView.swift */ = {isa = PBXFileReference; lastKnownFileType = sourcecode.swift; path = ContentView.swift; sourceTree = "<group>"; };
		641736E72937C39300B11EBC /* Preview Assets.xcassets */ = {isa = PBXFileReference; lastKnownFileType = folder.assetcatalog; path = "Preview Assets.xcassets"; sourceTree = "<group>"; };
		641736EE2937C46F00B11EBC /* Assets.xcassets */ = {isa = PBXFileReference; lastKnownFileType = folder.assetcatalog; path = Assets.xcassets; sourceTree = "<group>"; };
		641736F22937C4A900B11EBC /* Expense.swift */ = {isa = PBXFileReference; lastKnownFileType = sourcecode.swift; path = Expense.swift; sourceTree = "<group>"; };
		641736F42937C56A00B11EBC /* Home.swift */ = {isa = PBXFileReference; lastKnownFileType = sourcecode.swift; path = Home.swift; sourceTree = "<group>"; };
		641736F62937CDFF00B11EBC /* Speedometer.swift */ = {isa = PBXFileReference; lastKnownFileType = sourcecode.swift; path = Speedometer.swift; sourceTree = "<group>"; };
		641736F82937E3AC00B11EBC /* IndicatorShape.swift */ = {isa = PBXFileReference; lastKnownFileType = sourcecode.swift; path = IndicatorShape.swift; sourceTree = "<group>"; };
		641736FA2937EB7F00B11EBC /* AnimatedText.swift */ = {isa = PBXFileReference; lastKnownFileType = sourcecode.swift; path = AnimatedText.swift; sourceTree = "<group>"; };
		641737062938A78300B11EBC /* AddExpense.swift */ = {isa = PBXFileReference; lastKnownFileType = sourcecode.swift; path = AddExpense.swift; sourceTree = "<group>"; };
/* End PBXFileReference section */

/* Begin PBXFrameworksBuildPhase section */
		641736DA2937C39100B11EBC /* Frameworks */ = {
			isa = PBXFrameworksBuildPhase;
			buildActionMask = 2147483647;
			files = (
			);
			runOnlyForDeploymentPostprocessing = 0;
		};
/* End PBXFrameworksBuildPhase section */

/* Begin PBXGroup section */
		641736D42937C39100B11EBC = {
			isa = PBXGroup;
			children = (
				641736DF2937C39100B11EBC /* ExpenseUI */,
				641736DE2937C39100B11EBC /* Products */,
			);
			sourceTree = "<group>";
		};
		641736DE2937C39100B11EBC /* Products */ = {
			isa = PBXGroup;
			children = (
				641736DD2937C39100B11EBC /* ExpenseUI.app */,
			);
			name = Products;
			sourceTree = "<group>";
		};
		641736DF2937C39100B11EBC /* ExpenseUI */ = {
			isa = PBXGroup;
			children = (
				641736F12937C49900B11EBC /* Models */,
				641736F02937C49300B11EBC /* Views */,
				641736E02937C39100B11EBC /* ExpenseUIApp.swift */,
				641736E22937C39100B11EBC /* ContentView.swift */,
				641736EE2937C46F00B11EBC /* Assets.xcassets */,
				641736E62937C39300B11EBC /* Preview Content */,
			);
			path = ExpenseUI;
			sourceTree = "<group>";
		};
		641736E62937C39300B11EBC /* Preview Content */ = {
			isa = PBXGroup;
			children = (
				641736E72937C39300B11EBC /* Preview Assets.xcassets */,
			);
			path = "Preview Content";
			sourceTree = "<group>";
		};
		641736F02937C49300B11EBC /* Views */ = {
			isa = PBXGroup;
			children = (
				641736F42937C56A00B11EBC /* Home.swift */,
				641736F62937CDFF00B11EBC /* Speedometer.swift */,
				641736F82937E3AC00B11EBC /* IndicatorShape.swift */,
				641736FA2937EB7F00B11EBC /* AnimatedText.swift */,
				641737062938A78300B11EBC /* AddExpense.swift */,
			);
			path = Views;
			sourceTree = "<group>";
		};
		641736F12937C49900B11EBC /* Models */ = {
			isa = PBXGroup;
			children = (
				641736F22937C4A900B11EBC /* Expense.swift */,
			);
			path = Models;
			sourceTree = "<group>";
		};
/* End PBXGroup section */

/* Begin PBXNativeTarget section */
		641736DC2937C39100B11EBC /* ExpenseUI */ = {
			isa = PBXNativeTarget;
			buildConfigurationList = 641736EB2937C39300B11EBC /* Build configuration list for PBXNativeTarget "ExpenseUI" */;
			buildPhases = (
				641736D92937C39100B11EBC /* Sources */,
				641736DA2937C39100B11EBC /* Frameworks */,
				641736DB2937C39100B11EBC /* Resources */,
			);
			buildRules = (
			);
			dependencies = (
			);
			name = ExpenseUI;
			productName = ExpenseUI;
			productReference = 641736DD2937C39100B11EBC /* ExpenseUI.app */;
			productType = "com.apple.product-type.application";
		};
/* End PBXNativeTarget section */

/* Begin PBXProject section */
		641736D52937C39100B11EBC /* Project object */ = {
			isa = PBXProject;
			attributes = {
				BuildIndependentTargetsInParallel = 1;
				LastSwiftUpdateCheck = 1400;
				LastUpgradeCheck = 1400;
				TargetAttributes = {
					641736DC2937C39100B11EBC = {
						CreatedOnToolsVersion = 14.0;
					};
				};
			};
			buildConfigurationList = 641736D82937C39100B11EBC /* Build configuration list for PBXProject "ExpenseUI" */;
			compatibilityVersion = "Xcode 14.0";
			developmentRegion = en;
			hasScannedForEncodings = 0;
			knownRegions = (
				en,
				Base,
			);
			mainGroup = 641736D42937C39100B11EBC;
			productRefGroup = 641736DE2937C39100B11EBC /* Products */;
			projectDirPath = "";
			projectRoot = "";
			targets = (
				641736DC2937C39100B11EBC /* ExpenseUI */,
			);
		};
/* End PBXProject section */

/* Begin PBXResourcesBuildPhase section */
		641736DB2937C39100B11EBC /* Resources */ = {
			isa = PBXResourcesBuildPhase;
			buildActionMask = 2147483647;
			files = (
				641736EF2937C46F00B11EBC /* Assets.xcassets in Resources */,
				641736E82937C39300B11EBC /* Preview Assets.xcassets in Resources */,
			);
			runOnlyForDeploymentPostprocessing = 0;
		};
/* End PBXResourcesBuildPhase section */

/* Begin PBXSourcesBuildPhase section */
		641736D92937C39100B11EBC /* Sources */ = {
			isa = PBXSourcesBuildPhase;
			buildActionMask = 2147483647;
			files = (
				641736FB2937EB7F00B11EBC /* AnimatedText.swift in Sources */,
				641736F32937C4A900B11EBC /* Expense.swift in Sources */,
				641736F72937CDFF00B11EBC /* Speedometer.swift in Sources */,
				641736E32937C39100B11EBC /* ContentView.swift in Sources */,
				641737072938A78300B11EBC /* AddExpense.swift in Sources */,
				641736F52937C56A00B11EBC /* Home.swift in Sources */,
				641736E12937C39100B11EBC /* ExpenseUIApp.swift in Sources */,
				641736F92937E3AC00B11EBC /* IndicatorShape.swift in Sources */,
			);
			runOnlyForDeploymentPostprocessing = 0;
		};
/* End PBXSourcesBuildPhase section */

/* Begin XCBuildConfiguration section */
		641736E92937C39300B11EBC /* Debug */ = {
			isa = XCBuildConfiguration;
			buildSettings = {
				ALWAYS_SEARCH_USER_PATHS = NO;
				CLANG_ANALYZER_NONNULL = YES;
				CLANG_ANALYZER_NUMBER_OBJECT_CONVERSION = YES_AGGRESSIVE;
				CLANG_CXX_LANGUAGE_STANDARD = "gnu++20";
				CLANG_ENABLE_MODULES = YES;
				CLANG_ENABLE_OBJC_ARC = YES;
				CLANG_ENABLE_OBJC_WEAK = YES;
				CLANG_WARN_BLOCK_CAPTURE_AUTORELEASING = YES;
				CLANG_WARN_BOOL_CONVERSION = YES;
				CLANG_WARN_COMMA = YES;
				CLANG_WARN_CONSTANT_CONVERSION = YES;
				CLANG_WARN_DEPRECATED_OBJC_IMPLEMENTATIONS = YES;
				CLANG_WARN_DIRECT_OBJC_ISA_USAGE = YES_ERROR;
				CLANG_WARN_DOCUMENTATION_COMMENTS = YES;
				CLANG_WARN_EMPTY_BODY = YES;
				CLANG_WARN_ENUM_CONVERSION = YES;
				CLANG_WARN_INFINITE_RECURSION = YES;
				CLANG_WARN_INT_CONVERSION = YES;
				CLANG_WARN_NON_LITERAL_NULL_CONVERSION = YES;
				CLANG_WARN_OBJC_IMPLICIT_RETAIN_SELF = YES;
				CLANG_WARN_OBJC_LITERAL_CONVERSION = YES;
				CLANG_WARN_OBJC_ROOT_CLASS = YES_ERROR;
				CLANG_WARN_QUOTED_INCLUDE_IN_FRAMEWORK_HEADER = YES;
				CLANG_WARN_RANGE_LOOP_ANALYSIS = YES;
				CLANG_WARN_STRICT_PROTOTYPES = YES;
				CLANG_WARN_SUSPICIOUS_MOVE = YES;
				CLANG_WARN_UNGUARDED_AVAILABILITY = YES_AGGRESSIVE;
				CLANG_WARN_UNREACHABLE_CODE = YES;
				CLANG_WARN__DUPLICATE_METHOD_MATCH = YES;
				COPY_PHASE_STRIP = NO;
				DEBUG_INFORMATION_FORMAT = dwarf;
				ENABLE_STRICT_OBJC_MSGSEND = YES;
				ENABLE_TESTABILITY = YES;
				GCC_C_LANGUAGE_STANDARD = gnu11;
				GCC_DYNAMIC_NO_PIC = NO;
				GCC_NO_COMMON_BLOCKS = YES;
				GCC_OPTIMIZATION_LEVEL = 0;
				GCC_PREPROCESSOR_DEFINITIONS = (
					"DEBUG=1",
					"$(inherited)",
				);
				GCC_WARN_64_TO_32_BIT_CONVERSION = YES;
				GCC_WARN_ABOUT_RETURN_TYPE = YES_ERROR;
				GCC_WARN_UNDECLARED_SELECTOR = YES;
				GCC_WARN_UNINITIALIZED_AUTOS = YES_AGGRESSIVE;
				GCC_WARN_UNUSED_FUNCTION = YES;
				GCC_WARN_UNUSED_VARIABLE = YES;
				IPHONEOS_DEPLOYMENT_TARGET = 16.0;
				MTL_ENABLE_DEBUG_INFO = INCLUDE_SOURCE;
				MTL_FAST_MATH = YES;
				ONLY_ACTIVE_ARCH = YES;
				SDKROOT = iphoneos;
				SWIFT_ACTIVE_COMPILATION_CONDITIONS = DEBUG;
				SWIFT_OPTIMIZATION_LEVEL = "-Onone";
			};
			name = Debug;
		};
		641736EA2937C39300B11EBC /* Release */ = {
			isa = XCBuildConfiguration;
			buildSettings = {
				ALWAYS_SEARCH_USER_PATHS = NO;
				CLANG_ANALYZER_NONNULL = YES;
				CLANG_ANALYZER_NUMBER_OBJECT_CONVERSION = YES_AGGRESSIVE;
				CLANG_CXX_LANGUAGE_STANDARD = "gnu++20";
				CLANG_ENABLE_MODULES = YES;
				CLANG_ENABLE_OBJC_ARC = YES;
				CLANG_ENABLE_OBJC_WEAK = YES;
				CLANG_WARN_BLOCK_CAPTURE_AUTORELEASING = YES;
				CLANG_WARN_BOOL_CONVERSION = YES;
				CLANG_WARN_COMMA = YES;
				CLANG_WARN_CONSTANT_CONVERSION = YES;
				CLANG_WARN_DEPRECATED_OBJC_IMPLEMENTATIONS = YES;
				CLANG_WARN_DIRECT_OBJC_ISA_USAGE = YES_ERROR;
				CLANG_WARN_DOCUMENTATION_COMMENTS = YES;
				CLANG_WARN_EMPTY_BODY = YES;
				CLANG_WARN_ENUM_CONVERSION = YES;
				CLANG_WARN_INFINITE_RECURSION = YES;
				CLANG_WARN_INT_CONVERSION = YES;
				CLANG_WARN_NON_LITERAL_NULL_CONVERSION = YES;
				CLANG_WARN_OBJC_IMPLICIT_RETAIN_SELF = YES;
				CLANG_WARN_OBJC_LITERAL_CONVERSION = YES;
				CLANG_WARN_OBJC_ROOT_CLASS = YES_ERROR;
				CLANG_WARN_QUOTED_INCLUDE_IN_FRAMEWORK_HEADER = YES;
				CLANG_WARN_RANGE_LOOP_ANALYSIS = YES;
				CLANG_WARN_STRICT_PROTOTYPES = YES;
				CLANG_WARN_SUSPICIOUS_MOVE = YES;
				CLANG_WARN_UNGUARDED_AVAILABILITY = YES_AGGRESSIVE;
				CLANG_WARN_UNREACHABLE_CODE = YES;
				CLANG_WARN__DUPLICATE_METHOD_MATCH = YES;
				COPY_PHASE_STRIP = NO;
				DEBUG_INFORMATION_FORMAT = "dwarf-with-dsym";
				ENABLE_NS_ASSERTIONS = NO;
				ENABLE_STRICT_OBJC_MSGSEND = YES;
				GCC_C_LANGUAGE_STANDARD = gnu11;
				GCC_NO_COMMON_BLOCKS = YES;
				GCC_WARN_64_TO_32_BIT_CONVERSION = YES;
				GCC_WARN_ABOUT_RETURN_TYPE = YES_ERROR;
				GCC_WARN_UNDECLARED_SELECTOR = YES;
				GCC_WARN_UNINITIALIZED_AUTOS = YES_AGGRESSIVE;
				GCC_WARN_UNUSED_FUNCTION = YES;
				GCC_WARN_UNUSED_VARIABLE = YES;
				IPHONEOS_DEPLOYMENT_TARGET = 16.0;
				MTL_ENABLE_DEBUG_INFO = NO;
				MTL_FAST_MATH = YES;
				SDKROOT = iphoneos;
				SWIFT_COMPILATION_MODE = wholemodule;
				SWIFT_OPTIMIZATION_LEVEL = "-O";
				VALIDATE_PRODUCT = YES;
			};
			name = Release;
		};
		641736EC2937C39300B11EBC /* Debug */ = {
			isa = XCBuildConfiguration;
			buildSettings = {
				ASSETCATALOG_COMPILER_APPICON_NAME = AppIcon;
				ASSETCATALOG_COMPILER_GLOBAL_ACCENT_COLOR_NAME = AccentColor;
				CODE_SIGN_STYLE = Automatic;
				CURRENT_PROJECT_VERSION = 1;
				DEVELOPMENT_ASSET_PATHS = "\"ExpenseUI/Preview Content\"";
				DEVELOPMENT_TEAM = NW6R5LWRJD;
				ENABLE_PREVIEWS = YES;
				GENERATE_INFOPLIST_FILE = YES;
				INFOPLIST_KEY_UIApplicationSceneManifest_Generation = YES;
				INFOPLIST_KEY_UIApplicationSupportsIndirectInputEvents = YES;
				INFOPLIST_KEY_UILaunchScreen_Generation = YES;
				INFOPLIST_KEY_UISupportedInterfaceOrientations_iPad = "UIInterfaceOrientationPortrait UIInterfaceOrientationPortraitUpsideDown UIInterfaceOrientationLandscapeLeft UIInterfaceOrientationLandscapeRight";
				INFOPLIST_KEY_UISupportedInterfaceOrientations_iPhone = "UIInterfaceOrientationPortrait UIInterfaceOrientationLandscapeLeft UIInterfaceOrientationLandscapeRight";
				LD_RUNPATH_SEARCH_PATHS = (
					"$(inherited)",
					"@executable_path/Frameworks",
				);
				MARKETING_VERSION = 1.0;
				PRODUCT_BUNDLE_IDENTIFIER = academy.adam.ExpenseUI;
				PRODUCT_NAME = "$(TARGET_NAME)";
				SWIFT_EMIT_LOC_STRINGS = YES;
				SWIFT_VERSION = 5.0;
				TARGETED_DEVICE_FAMILY = "1,2";
			};
			name = Debug;
		};
		641736ED2937C39300B11EBC /* Release */ = {
			isa = XCBuildConfiguration;
			buildSettings = {
				ASSETCATALOG_COMPILER_APPICON_NAME = AppIcon;
				ASSETCATALOG_COMPILER_GLOBAL_ACCENT_COLOR_NAME = AccentColor;
				CODE_SIGN_STYLE = Automatic;
				CURRENT_PROJECT_VERSION = 1;
				DEVELOPMENT_ASSET_PATHS = "\"ExpenseUI/Preview Content\"";
				DEVELOPMENT_TEAM = NW6R5LWRJD;
				ENABLE_PREVIEWS = YES;
				GENERATE_INFOPLIST_FILE = YES;
				INFOPLIST_KEY_UIApplicationSceneManifest_Generation = YES;
				INFOPLIST_KEY_UIApplicationSupportsIndirectInputEvents = YES;
				INFOPLIST_KEY_UILaunchScreen_Generation = YES;
				INFOPLIST_KEY_UISupportedInterfaceOrientations_iPad = "UIInterfaceOrientationPortrait UIInterfaceOrientationPortraitUpsideDown UIInterfaceOrientationLandscapeLeft UIInterfaceOrientationLandscapeRight";
				INFOPLIST_KEY_UISupportedInterfaceOrientations_iPhone = "UIInterfaceOrientationPortrait UIInterfaceOrientationLandscapeLeft UIInterfaceOrientationLandscapeRight";
				LD_RUNPATH_SEARCH_PATHS = (
					"$(inherited)",
					"@executable_path/Frameworks",
				);
				MARKETING_VERSION = 1.0;
				PRODUCT_BUNDLE_IDENTIFIER = academy.adam.ExpenseUI;
				PRODUCT_NAME = "$(TARGET_NAME)";
				SWIFT_EMIT_LOC_STRINGS = YES;
				SWIFT_VERSION = 5.0;
				TARGETED_DEVICE_FAMILY = "1,2";
			};
			name = Release;
		};
/* End XCBuildConfiguration section */

/* Begin XCConfigurationList section */
		641736D82937C39100B11EBC /* Build configuration list for PBXProject "ExpenseUI" */ = {
			isa = XCConfigurationList;
			buildConfigurations = (
				641736E92937C39300B11EBC /* Debug */,
				641736EA2937C39300B11EBC /* Release */,
			);
			defaultConfigurationIsVisible = 0;
			defaultConfigurationName = Release;
		};
		641736EB2937C39300B11EBC /* Build configuration list for PBXNativeTarget "ExpenseUI" */ = {
			isa = XCConfigurationList;
			buildConfigurations = (
				641736EC2937C39300B11EBC /* Debug */,
				641736ED2937C39300B11EBC /* Release */,
			);
			defaultConfigurationIsVisible = 0;
			defaultConfigurationName = Release;
		};
/* End XCConfigurationList section */
	};
	rootObject = 641736D52937C39100B11EBC /* Project object */;
}
